// !$*UTF8*$!
{
	archiveVersion = 1;
	classes = {
	};
	objectVersion = 50;
	objects = {

/* Begin PBXBuildFile section */
		A55A621E25D87C90008FDC06 /* eCommerce_platform_conceptApp.swift in Sources */ = {isa = PBXBuildFile; fileRef = A55A621D25D87C90008FDC06 /* eCommerce_platform_conceptApp.swift */; };
		A55A622025D87C90008FDC06 /* ContentView.swift in Sources */ = {isa = PBXBuildFile; fileRef = A55A621F25D87C90008FDC06 /* ContentView.swift */; };
		A55A622225D87C91008FDC06 /* Assets.xcassets in Resources */ = {isa = PBXBuildFile; fileRef = A55A622125D87C91008FDC06 /* Assets.xcassets */; };
		A55A622525D87C91008FDC06 /* Preview Assets.xcassets in Resources */ = {isa = PBXBuildFile; fileRef = A55A622425D87C91008FDC06 /* Preview Assets.xcassets */; };
		A55A622725D87C91008FDC06 /* Persistence.swift in Sources */ = {isa = PBXBuildFile; fileRef = A55A622625D87C91008FDC06 /* Persistence.swift */; };
		A55A622A25D87C91008FDC06 /* eCommerce_platform_concept.xcdatamodeld in Sources */ = {isa = PBXBuildFile; fileRef = A55A622825D87C91008FDC06 /* eCommerce_platform_concept.xcdatamodeld */; };
/* End PBXBuildFile section */

/* Begin PBXFileReference section */
		A55A621A25D87C90008FDC06 /* eCommerce platform concept.app */ = {isa = PBXFileReference; explicitFileType = wrapper.application; includeInIndex = 0; path = "eCommerce platform concept.app"; sourceTree = BUILT_PRODUCTS_DIR; };
		A55A621D25D87C90008FDC06 /* eCommerce_platform_conceptApp.swift */ = {isa = PBXFileReference; lastKnownFileType = sourcecode.swift; path = eCommerce_platform_conceptApp.swift; sourceTree = "<group>"; };
		A55A621F25D87C90008FDC06 /* ContentView.swift */ = {isa = PBXFileReference; lastKnownFileType = sourcecode.swift; path = ContentView.swift; sourceTree = "<group>"; };
		A55A622125D87C91008FDC06 /* Assets.xcassets */ = {isa = PBXFileReference; lastKnownFileType = folder.assetcatalog; path = Assets.xcassets; sourceTree = "<group>"; };
		A55A622425D87C91008FDC06 /* Preview Assets.xcassets */ = {isa = PBXFileReference; lastKnownFileType = folder.assetcatalog; path = "Preview Assets.xcassets"; sourceTree = "<group>"; };
		A55A622625D87C91008FDC06 /* Persistence.swift */ = {isa = PBXFileReference; lastKnownFileType = sourcecode.swift; path = Persistence.swift; sourceTree = "<group>"; };
		A55A622925D87C91008FDC06 /* eCommerce_platform_concept.xcdatamodel */ = {isa = PBXFileReference; lastKnownFileType = wrapper.xcdatamodel; path = eCommerce_platform_concept.xcdatamodel; sourceTree = "<group>"; };
		A55A622B25D87C91008FDC06 /* Info.plist */ = {isa = PBXFileReference; lastKnownFileType = text.plist.xml; path = Info.plist; sourceTree = "<group>"; };
/* End PBXFileReference section */

/* Begin PBXFrameworksBuildPhase section */
		A55A621725D87C90008FDC06 /* Frameworks */ = {
			isa = PBXFrameworksBuildPhase;
			buildActionMask = 2147483647;
			files = (
			);
			runOnlyForDeploymentPostprocessing = 0;
		};
/* End PBXFrameworksBuildPhase section */

/* Begin PBXGroup section */
		A55A621125D87C90008FDC06 = {
			isa = PBXGroup;
			children = (
				A55A621C25D87C90008FDC06 /* eCommerce platform concept */,
				A55A621B25D87C90008FDC06 /* Products */,
			);
			sourceTree = "<group>";
		};
		A55A621B25D87C90008FDC06 /* Products */ = {
			isa = PBXGroup;
			children = (
				A55A621A25D87C90008FDC06 /* eCommerce platform concept.app */,
			);
			name = Products;
			sourceTree = "<group>";
		};
		A55A621C25D87C90008FDC06 /* eCommerce platform concept */ = {
			isa = PBXGroup;
			children = (
				A55A621D25D87C90008FDC06 /* eCommerce_platform_conceptApp.swift */,
				A55A621F25D87C90008FDC06 /* ContentView.swift */,
				A55A622125D87C91008FDC06 /* Assets.xcassets */,
				A55A622625D87C91008FDC06 /* Persistence.swift */,
				A55A622B25D87C91008FDC06 /* Info.plist */,
				A55A622825D87C91008FDC06 /* eCommerce_platform_concept.xcdatamodeld */,
				A55A622325D87C91008FDC06 /* Preview Content */,
			);
			path = "eCommerce platform concept";
			sourceTree = "<group>";
		};
		A55A622325D87C91008FDC06 /* Preview Content */ = {
			isa = PBXGroup;
			children = (
				A55A622425D87C91008FDC06 /* Preview Assets.xcassets */,
			);
			path = "Preview Content";
			sourceTree = "<group>";
		};
/* End PBXGroup section */

/* Begin PBXNativeTarget section */
		A55A621925D87C90008FDC06 /* eCommerce platform concept */ = {
			isa = PBXNativeTarget;
			buildConfigurationList = A55A622E25D87C91008FDC06 /* Build configuration list for PBXNativeTarget "eCommerce platform concept" */;
			buildPhases = (
				A55A621625D87C90008FDC06 /* Sources */,
				A55A621725D87C90008FDC06 /* Frameworks */,
				A55A621825D87C90008FDC06 /* Resources */,
			);
			buildRules = (
			);
			dependencies = (
			);
			name = "eCommerce platform concept";
			productName = "eCommerce platform concept";
			productReference = A55A621A25D87C90008FDC06 /* eCommerce platform concept.app */;
			productType = "com.apple.product-type.application";
		};
/* End PBXNativeTarget section */

/* Begin PBXProject section */
		A55A621225D87C90008FDC06 /* Project object */ = {
			isa = PBXProject;
			attributes = {
				LastSwiftUpdateCheck = 1240;
				LastUpgradeCheck = 1240;
				TargetAttributes = {
					A55A621925D87C90008FDC06 = {
						CreatedOnToolsVersion = 12.4;
					};
				};
			};
			buildConfigurationList = A55A621525D87C90008FDC06 /* Build configuration list for PBXProject "eCommerce platform concept" */;
			compatibilityVersion = "Xcode 9.3";
			developmentRegion = en;
			hasScannedForEncodings = 0;
			knownRegions = (
				en,
				Base,
			);
			mainGroup = A55A621125D87C90008FDC06;
			productRefGroup = A55A621B25D87C90008FDC06 /* Products */;
			projectDirPath = "";
			projectRoot = "";
			targets = (
				A55A621925D87C90008FDC06 /* eCommerce platform concept */,
			);
		};
/* End PBXProject section */

/* Begin PBXResourcesBuildPhase section */
		A55A621825D87C90008FDC06 /* Resources */ = {
			isa = PBXResourcesBuildPhase;
			buildActionMask = 2147483647;
			files = (
				A55A622525D87C91008FDC06 /* Preview Assets.xcassets in Resources */,
				A55A622225D87C91008FDC06 /* Assets.xcassets in Resources */,
			);
			runOnlyForDeploymentPostprocessing = 0;
		};
/* End PBXResourcesBuildPhase section */

/* Begin PBXSourcesBuildPhase section */
		A55A621625D87C90008FDC06 /* Sources */ = {
			isa = PBXSourcesBuildPhase;
			buildActionMask = 2147483647;
			files = (
				A55A622725D87C91008FDC06 /* Persistence.swift in Sources */,
				A55A622025D87C90008FDC06 /* ContentView.swift in Sources */,
				A55A622A25D87C91008FDC06 /* eCommerce_platform_concept.xcdatamodeld in Sources */,
				A55A621E25D87C90008FDC06 /* eCommerce_platform_conceptApp.swift in Sources */,
			);
			runOnlyForDeploymentPostprocessing = 0;
		};
/* End PBXSourcesBuildPhase section */

/* Begin XCBuildConfiguration section */
		A55A622C25D87C91008FDC06 /* Debug */ = {
			isa = XCBuildConfiguration;
			buildSettings = {
				ALWAYS_SEARCH_USER_PATHS = NO;
				CLANG_ANALYZER_NONNULL = YES;
				CLANG_ANALYZER_NUMBER_OBJECT_CONVERSION = YES_AGGRESSIVE;
				CLANG_CXX_LANGUAGE_STANDARD = "gnu++14";
				CLANG_CXX_LIBRARY = "libc++";
				CLANG_ENABLE_MODULES = YES;
				CLANG_ENABLE_OBJC_ARC = YES;
				CLANG_ENABLE_OBJC_WEAK = YES;
				CLANG_WARN_BLOCK_CAPTURE_AUTORELEASING = YES;
				CLANG_WARN_BOOL_CONVERSION = YES;
				CLANG_WARN_COMMA = YES;
				CLANG_WARN_CONSTANT_CONVERSION = YES;
				CLANG_WARN_DEPRECATED_OBJC_IMPLEMENTATIONS = YES;
				CLANG_WARN_DIRECT_OBJC_ISA_USAGE = YES_ERROR;
				CLANG_WARN_DOCUMENTATION_COMMENTS = YES;
				CLANG_WARN_EMPTY_BODY = YES;
				CLANG_WARN_ENUM_CONVERSION = YES;
				CLANG_WARN_INFINITE_RECURSION = YES;
				CLANG_WARN_INT_CONVERSION = YES;
				CLANG_WARN_NON_LITERAL_NULL_CONVERSION = YES;
				CLANG_WARN_OBJC_IMPLICIT_RETAIN_SELF = YES;
				CLANG_WARN_OBJC_LITERAL_CONVERSION = YES;
				CLANG_WARN_OBJC_ROOT_CLASS = YES_ERROR;
				CLANG_WARN_QUOTED_INCLUDE_IN_FRAMEWORK_HEADER = YES;
				CLANG_WARN_RANGE_LOOP_ANALYSIS = YES;
				CLANG_WARN_STRICT_PROTOTYPES = YES;
				CLANG_WARN_SUSPICIOUS_MOVE = YES;
				CLANG_WARN_UNGUARDED_AVAILABILITY = YES_AGGRESSIVE;
				CLANG_WARN_UNREACHABLE_CODE = YES;
				CLANG_WARN__DUPLICATE_METHOD_MATCH = YES;
				COPY_PHASE_STRIP = NO;
				DEBUG_INFORMATION_FORMAT = dwarf;
				ENABLE_STRICT_OBJC_MSGSEND = YES;
				ENABLE_TESTABILITY = YES;
				GCC_C_LANGUAGE_STANDARD = gnu11;
				GCC_DYNAMIC_NO_PIC = NO;
				GCC_NO_COMMON_BLOCKS = YES;
				GCC_OPTIMIZATION_LEVEL = 0;
				GCC_PREPROCESSOR_DEFINITIONS = (
					"DEBUG=1",
					"$(inherited)",
				);
				GCC_WARN_64_TO_32_BIT_CONVERSION = YES;
				GCC_WARN_ABOUT_RETURN_TYPE = YES_ERROR;
				GCC_WARN_UNDECLARED_SELECTOR = YES;
				GCC_WARN_UNINITIALIZED_AUTOS = YES_AGGRESSIVE;
				GCC_WARN_UNUSED_FUNCTION = YES;
				GCC_WARN_UNUSED_VARIABLE = YES;
				IPHONEOS_DEPLOYMENT_TARGET = 14.4;
				MTL_ENABLE_DEBUG_INFO = INCLUDE_SOURCE;
				MTL_FAST_MATH = YES;
				ONLY_ACTIVE_ARCH = YES;
				SDKROOT = iphoneos;
				SWIFT_ACTIVE_COMPILATION_CONDITIONS = DEBUG;
				SWIFT_OPTIMIZATION_LEVEL = "-Onone";
			};
			name = Debug;
		};
		A55A622D25D87C91008FDC06 /* Release */ = {
			isa = XCBuildConfiguration;
			buildSettings = {
				ALWAYS_SEARCH_USER_PATHS = NO;
				CLANG_ANALYZER_NONNULL = YES;
				CLANG_ANALYZER_NUMBER_OBJECT_CONVERSION = YES_AGGRESSIVE;
				CLANG_CXX_LANGUAGE_STANDARD = "gnu++14";
				CLANG_CXX_LIBRARY = "libc++";
				CLANG_ENABLE_MODULES = YES;
				CLANG_ENABLE_OBJC_ARC = YES;
				CLANG_ENABLE_OBJC_WEAK = YES;
				CLANG_WARN_BLOCK_CAPTURE_AUTORELEASING = YES;
				CLANG_WARN_BOOL_CONVERSION = YES;
				CLANG_WARN_COMMA = YES;
				CLANG_WARN_CONSTANT_CONVERSION = YES;
				CLANG_WARN_DEPRECATED_OBJC_IMPLEMENTATIONS = YES;
				CLANG_WARN_DIRECT_OBJC_ISA_USAGE = YES_ERROR;
				CLANG_WARN_DOCUMENTATION_COMMENTS = YES;
				CLANG_WARN_EMPTY_BODY = YES;
				CLANG_WARN_ENUM_CONVERSION = YES;
				CLANG_WARN_INFINITE_RECURSION = YES;
				CLANG_WARN_INT_CONVERSION = YES;
				CLANG_WARN_NON_LITERAL_NULL_CONVERSION = YES;
				CLANG_WARN_OBJC_IMPLICIT_RETAIN_SELF = YES;
				CLANG_WARN_OBJC_LITERAL_CONVERSION = YES;
				CLANG_WARN_OBJC_ROOT_CLASS = YES_ERROR;
				CLANG_WARN_QUOTED_INCLUDE_IN_FRAMEWORK_HEADER = YES;
				CLANG_WARN_RANGE_LOOP_ANALYSIS = YES;
				CLANG_WARN_STRICT_PROTOTYPES = YES;
				CLANG_WARN_SUSPICIOUS_MOVE = YES;
				CLANG_WARN_UNGUARDED_AVAILABILITY = YES_AGGRESSIVE;
				CLANG_WARN_UNREACHABLE_CODE = YES;
				CLANG_WARN__DUPLICATE_METHOD_MATCH = YES;
				COPY_PHASE_STRIP = NO;
				DEBUG_INFORMATION_FORMAT = "dwarf-with-dsym";
				ENABLE_NS_ASSERTIONS = NO;
				ENABLE_STRICT_OBJC_MSGSEND = YES;
				GCC_C_LANGUAGE_STANDARD = gnu11;
				GCC_NO_COMMON_BLOCKS = YES;
				GCC_WARN_64_TO_32_BIT_CONVERSION = YES;
				GCC_WARN_ABOUT_RETURN_TYPE = YES_ERROR;
				GCC_WARN_UNDECLARED_SELECTOR = YES;
				GCC_WARN_UNINITIALIZED_AUTOS = YES_AGGRESSIVE;
				GCC_WARN_UNUSED_FUNCTION = YES;
				GCC_WARN_UNUSED_VARIABLE = YES;
				IPHONEOS_DEPLOYMENT_TARGET = 14.4;
				MTL_ENABLE_DEBUG_INFO = NO;
				MTL_FAST_MATH = YES;
				SDKROOT = iphoneos;
				SWIFT_COMPILATION_MODE = wholemodule;
				SWIFT_OPTIMIZATION_LEVEL = "-O";
				VALIDATE_PRODUCT = YES;
			};
			name = Release;
		};
		A55A622F25D87C91008FDC06 /* Debug */ = {
			isa = XCBuildConfiguration;
			buildSettings = {
				ASSETCATALOG_COMPILER_APPICON_NAME = AppIcon;
				ASSETCATALOG_COMPILER_GLOBAL_ACCENT_COLOR_NAME = AccentColor;
				CODE_SIGN_STYLE = Automatic;
				DEVELOPMENT_ASSET_PATHS = "\"eCommerce platform concept/Preview Content\"";
				DEVELOPMENT_TEAM = U4VUF8G596;
				ENABLE_PREVIEWS = YES;
				INFOPLIST_FILE = "eCommerce platform concept/Info.plist";
				IPHONEOS_DEPLOYMENT_TARGET = 14.0;
				LD_RUNPATH_SEARCH_PATHS = (
					"$(inherited)",
					"@executable_path/Frameworks",
				);
				PRODUCT_BUNDLE_IDENTIFIER = "com.mount-olympus.eCommerce-platform-concept";
				PRODUCT_NAME = "$(TARGET_NAME)";
				SWIFT_VERSION = 5.0;
				TARGETED_DEVICE_FAMILY = "1,2";
			};
			name = Debug;
		};
		A55A623025D87C91008FDC06 /* Release */ = {
			isa = XCBuildConfiguration;
			buildSettings = {
				ASSETCATALOG_COMPILER_APPICON_NAME = AppIcon;
				ASSETCATALOG_COMPILER_GLOBAL_ACCENT_COLOR_NAME = AccentColor;
				CODE_SIGN_STYLE = Automatic;
				DEVELOPMENT_ASSET_PATHS = "\"eCommerce platform concept/Preview Content\"";
				DEVELOPMENT_TEAM = U4VUF8G596;
				ENABLE_PREVIEWS = YES;
				INFOPLIST_FILE = "eCommerce platform concept/Info.plist";
				IPHONEOS_DEPLOYMENT_TARGET = 14.0;
				LD_RUNPATH_SEARCH_PATHS = (
					"$(inherited)",
					"@executable_path/Frameworks",
				);
				PRODUCT_BUNDLE_IDENTIFIER = "com.mount-olympus.eCommerce-platform-concept";
				PRODUCT_NAME = "$(TARGET_NAME)";
				SWIFT_VERSION = 5.0;
				TARGETED_DEVICE_FAMILY = "1,2";
			};
			name = Release;
		};
/* End XCBuildConfiguration section */

/* Begin XCConfigurationList section */
		A55A621525D87C90008FDC06 /* Build configuration list for PBXProject "eCommerce platform concept" */ = {
			isa = XCConfigurationList;
			buildConfigurations = (
				A55A622C25D87C91008FDC06 /* Debug */,
				A55A622D25D87C91008FDC06 /* Release */,
			);
			defaultConfigurationIsVisible = 0;
			defaultConfigurationName = Release;
		};
		A55A622E25D87C91008FDC06 /* Build configuration list for PBXNativeTarget "eCommerce platform concept" */ = {
			isa = XCConfigurationList;
			buildConfigurations = (
				A55A622F25D87C91008FDC06 /* Debug */,
				A55A623025D87C91008FDC06 /* Release */,
			);
			defaultConfigurationIsVisible = 0;
			defaultConfigurationName = Release;
		};
/* End XCConfigurationList section */

/* Begin XCVersionGroup section */
		A55A622825D87C91008FDC06 /* eCommerce_platform_concept.xcdatamodeld */ = {
			isa = XCVersionGroup;
			children = (
				A55A622925D87C91008FDC06 /* eCommerce_platform_concept.xcdatamodel */,
			);
			currentVersion = A55A622925D87C91008FDC06 /* eCommerce_platform_concept.xcdatamodel */;
			path = eCommerce_platform_concept.xcdatamodeld;
			sourceTree = "<group>";
			versionGroupType = wrapper.xcdatamodel;
		};
/* End XCVersionGroup section */
	};
	rootObject = A55A621225D87C90008FDC06 /* Project object */;
}
